{
  "name": "example",
  "lockfileVersion": 3,
  "requires": true,
  "packages": {
    "": {
      "name": "example",
      "dependencies": {
        "swagger2types": "file:../.."
      }
    },
    "../..": {
      "name": "swagger2types",
      "version": "0.0.3",
      "license": "MIT",
      "dependencies": {
        "swagger-typescript-api": "13.0.3"
      },
      "bin": {
        "swagger2types": "lib/cjs/cli.js"
      },
      "devDependencies": {
        "@types/node": "^24.0.7",
        "tsup": "^8.5.0",
        "typescript": "^5.8.3"
      }
    },
    "node_modules/swagger2types": {
      "resolved": "../..",
      "link": true
    }
  }
}
